// !$*UTF8*$!
{
	archiveVersion = 1;
	classes = {
	};
	objectVersion = 52;
	objects = {

/* Begin PBXBuildFile section */
		A55B34B226917A2D004BBE9B /* AppDelegate.swift in Sources */ = {isa = PBXBuildFile; fileRef = A55B34B126917A2D004BBE9B /* AppDelegate.swift */; };
		A55B34B426917A2D004BBE9B /* SceneDelegate.swift in Sources */ = {isa = PBXBuildFile; fileRef = A55B34B326917A2D004BBE9B /* SceneDelegate.swift */; };
		A55B34BB26917A2E004BBE9B /* Assets.xcassets in Resources */ = {isa = PBXBuildFile; fileRef = A55B34BA26917A2E004BBE9B /* Assets.xcassets */; };
		A55B34BE26917A2E004BBE9B /* LaunchScreen.storyboard in Resources */ = {isa = PBXBuildFile; fileRef = A55B34BC26917A2E004BBE9B /* LaunchScreen.storyboard */; };
		A55B34CF26917D27004BBE9B /* Application in Frameworks */ = {isa = PBXBuildFile; productRef = A55B34CE26917D27004BBE9B /* Application */; };
		A55B34DA2691890B004BBE9B /* V200Migrator.swift in Sources */ = {isa = PBXBuildFile; fileRef = A55B34D92691890B004BBE9B /* V200Migrator.swift */; };
		A55B34E22691A215004BBE9B /* GoogleService-Info.plist in Resources */ = {isa = PBXBuildFile; fileRef = A55B34E12691A215004BBE9B /* GoogleService-Info.plist */; };
		A5677357269AADD300A54875 /* TimerViewController.swift in Sources */ = {isa = PBXBuildFile; fileRef = A5677356269AADD300A54875 /* TimerViewController.swift */; };
		A575BD8226989F0700860CDA /* TimerModel.swift in Sources */ = {isa = PBXBuildFile; fileRef = A575BD8126989F0700860CDA /* TimerModel.swift */; };
		A5AEC559269494EF004DF246 /* DebugModel.swift in Sources */ = {isa = PBXBuildFile; fileRef = A5AEC558269494EF004DF246 /* DebugModel.swift */; };
		A5AEC561269497F9004DF246 /* CollectionViewSectionType.swift in Sources */ = {isa = PBXBuildFile; fileRef = A5AEC560269497F9004DF246 /* CollectionViewSectionType.swift */; };
		A5AEC56926949C4B004DF246 /* DebugSection.swift in Sources */ = {isa = PBXBuildFile; fileRef = A5AEC56826949C4B004DF246 /* DebugSection.swift */; };
		A5AEC56E2694AFF1004DF246 /* DebugViewModel.swift in Sources */ = {isa = PBXBuildFile; fileRef = A5AEC56D2694AFF1004DF246 /* DebugViewModel.swift */; };
		A5AEC5712694B1F8004DF246 /* DebugViewController.swift in Sources */ = {isa = PBXBuildFile; fileRef = A5AEC5702694B1F8004DF246 /* DebugViewController.swift */; };
/* End PBXBuildFile section */

/* Begin PBXFileReference section */
		A55B34AE26917A2D004BBE9B /* YourTimeManage.app */ = {isa = PBXFileReference; explicitFileType = wrapper.application; includeInIndex = 0; path = YourTimeManage.app; sourceTree = BUILT_PRODUCTS_DIR; };
		A55B34B126917A2D004BBE9B /* AppDelegate.swift */ = {isa = PBXFileReference; lastKnownFileType = sourcecode.swift; path = AppDelegate.swift; sourceTree = "<group>"; };
		A55B34B326917A2D004BBE9B /* SceneDelegate.swift */ = {isa = PBXFileReference; lastKnownFileType = sourcecode.swift; path = SceneDelegate.swift; sourceTree = "<group>"; };
		A55B34BA26917A2E004BBE9B /* Assets.xcassets */ = {isa = PBXFileReference; lastKnownFileType = folder.assetcatalog; path = Assets.xcassets; sourceTree = "<group>"; };
		A55B34BD26917A2E004BBE9B /* Base */ = {isa = PBXFileReference; lastKnownFileType = file.storyboard; name = Base; path = Base.lproj/LaunchScreen.storyboard; sourceTree = "<group>"; };
		A55B34BF26917A2E004BBE9B /* Info.plist */ = {isa = PBXFileReference; lastKnownFileType = text.plist.xml; path = Info.plist; sourceTree = "<group>"; };
		A55B34D92691890B004BBE9B /* V200Migrator.swift */ = {isa = PBXFileReference; lastKnownFileType = sourcecode.swift; path = V200Migrator.swift; sourceTree = "<group>"; };
		A55B34E12691A215004BBE9B /* GoogleService-Info.plist */ = {isa = PBXFileReference; fileEncoding = 4; lastKnownFileType = text.plist.xml; path = "GoogleService-Info.plist"; sourceTree = "<group>"; };
		A5677356269AADD300A54875 /* TimerViewController.swift */ = {isa = PBXFileReference; lastKnownFileType = sourcecode.swift; path = TimerViewController.swift; sourceTree = "<group>"; };
		A575BD8126989F0700860CDA /* TimerModel.swift */ = {isa = PBXFileReference; lastKnownFileType = sourcecode.swift; path = TimerModel.swift; sourceTree = "<group>"; };
		A5AEC558269494EF004DF246 /* DebugModel.swift */ = {isa = PBXFileReference; lastKnownFileType = sourcecode.swift; path = DebugModel.swift; sourceTree = "<group>"; };
		A5AEC560269497F9004DF246 /* CollectionViewSectionType.swift */ = {isa = PBXFileReference; lastKnownFileType = sourcecode.swift; path = CollectionViewSectionType.swift; sourceTree = "<group>"; };
		A5AEC56826949C4B004DF246 /* DebugSection.swift */ = {isa = PBXFileReference; lastKnownFileType = sourcecode.swift; path = DebugSection.swift; sourceTree = "<group>"; };
		A5AEC56D2694AFF1004DF246 /* DebugViewModel.swift */ = {isa = PBXFileReference; lastKnownFileType = sourcecode.swift; path = DebugViewModel.swift; sourceTree = "<group>"; };
		A5AEC5702694B1F8004DF246 /* DebugViewController.swift */ = {isa = PBXFileReference; lastKnownFileType = sourcecode.swift; path = DebugViewController.swift; sourceTree = "<group>"; };
/* End PBXFileReference section */

/* Begin PBXFrameworksBuildPhase section */
		A55B34AB26917A2D004BBE9B /* Frameworks */ = {
			isa = PBXFrameworksBuildPhase;
			buildActionMask = 2147483647;
			files = (
				A55B34CF26917D27004BBE9B /* Application in Frameworks */,
			);
			runOnlyForDeploymentPostprocessing = 0;
		};
/* End PBXFrameworksBuildPhase section */

/* Begin PBXGroup section */
		A55B34A526917A2D004BBE9B = {
			isa = PBXGroup;
			children = (
				A55B34B026917A2D004BBE9B /* YourTimeManage */,
				A55B34AF26917A2D004BBE9B /* Products */,
				A55B34CD26917D27004BBE9B /* Frameworks */,
			);
			sourceTree = "<group>";
		};
		A55B34AF26917A2D004BBE9B /* Products */ = {
			isa = PBXGroup;
			children = (
				A55B34AE26917A2D004BBE9B /* YourTimeManage.app */,
			);
			name = Products;
			sourceTree = "<group>";
		};
		A55B34B026917A2D004BBE9B /* YourTimeManage */ = {
			isa = PBXGroup;
			children = (
				A5AEC55726949428004DF246 /* Model */,
				A5AEC55D26949700004DF246 /* View */,
				A5AEC55C269496E8004DF246 /* ViewModel */,
				A55B34D2269180E3004BBE9B /* Common */,
				A55B34B126917A2D004BBE9B /* AppDelegate.swift */,
				A55B34B326917A2D004BBE9B /* SceneDelegate.swift */,
				A55B34BA26917A2E004BBE9B /* Assets.xcassets */,
				A55B34BC26917A2E004BBE9B /* LaunchScreen.storyboard */,
				A55B34BF26917A2E004BBE9B /* Info.plist */,
				A55B34E12691A215004BBE9B /* GoogleService-Info.plist */,
			);
			path = YourTimeManage;
			sourceTree = "<group>";
		};
		A55B34CD26917D27004BBE9B /* Frameworks */ = {
			isa = PBXGroup;
			children = (
			);
			name = Frameworks;
			sourceTree = "<group>";
		};
		A55B34D2269180E3004BBE9B /* Common */ = {
			isa = PBXGroup;
			children = (
				A5AEC55F269497CB004DF246 /* Protocol */,
				A55B34D3269180F9004BBE9B /* Migration */,
			);
			path = Common;
			sourceTree = "<group>";
		};
		A55B34D3269180F9004BBE9B /* Migration */ = {
			isa = PBXGroup;
			children = (
				A55B34D92691890B004BBE9B /* V200Migrator.swift */,
			);
			path = Migration;
			sourceTree = "<group>";
		};
		A5677355269AADBA00A54875 /* Timer */ = {
			isa = PBXGroup;
			children = (
				A5677356269AADD300A54875 /* TimerViewController.swift */,
			);
			path = Timer;
			sourceTree = "<group>";
		};
		A5AEC55726949428004DF246 /* Model */ = {
			isa = PBXGroup;
			children = (
				A5AEC558269494EF004DF246 /* DebugModel.swift */,
				A575BD8126989F0700860CDA /* TimerModel.swift */,
			);
			path = Model;
			sourceTree = "<group>";
		};
		A5AEC55C269496E8004DF246 /* ViewModel */ = {
			isa = PBXGroup;
			children = (
				A5AEC56D2694AFF1004DF246 /* DebugViewModel.swift */,
			);
			path = ViewModel;
			sourceTree = "<group>";
		};
		A5AEC55D26949700004DF246 /* View */ = {
			isa = PBXGroup;
			children = (
				A5AEC55E2694972B004DF246 /* Debug */,
				A5677355269AADBA00A54875 /* Timer */,
			);
			path = View;
			sourceTree = "<group>";
		};
		A5AEC55E2694972B004DF246 /* Debug */ = {
			isa = PBXGroup;
			children = (
				A5AEC5702694B1F8004DF246 /* DebugViewController.swift */,
				A5AEC56826949C4B004DF246 /* DebugSection.swift */,
			);
			path = Debug;
			sourceTree = "<group>";
		};
		A5AEC55F269497CB004DF246 /* Protocol */ = {
			isa = PBXGroup;
			children = (
				A5AEC560269497F9004DF246 /* CollectionViewSectionType.swift */,
			);
			path = Protocol;
			sourceTree = "<group>";
		};
/* End PBXGroup section */

/* Begin PBXNativeTarget section */
		A55B34AD26917A2D004BBE9B /* YourTimeManage */ = {
			isa = PBXNativeTarget;
			buildConfigurationList = A55B34C226917A2E004BBE9B /* Build configuration list for PBXNativeTarget "YourTimeManage" */;
			buildPhases = (
				A55B34AA26917A2D004BBE9B /* Sources */,
				A55B34AB26917A2D004BBE9B /* Frameworks */,
				A55B34AC26917A2D004BBE9B /* Resources */,
			);
			buildRules = (
			);
			dependencies = (
			);
			name = YourTimeManage;
			packageProductDependencies = (
				A55B34CE26917D27004BBE9B /* Application */,
			);
			productName = YourTimeManage;
			productReference = A55B34AE26917A2D004BBE9B /* YourTimeManage.app */;
			productType = "com.apple.product-type.application";
		};
/* End PBXNativeTarget section */

/* Begin PBXProject section */
		A55B34A626917A2D004BBE9B /* Project object */ = {
			isa = PBXProject;
			attributes = {
				LastSwiftUpdateCheck = 1220;
				LastUpgradeCheck = 1220;
				TargetAttributes = {
					A55B34AD26917A2D004BBE9B = {
						CreatedOnToolsVersion = 12.2;
					};
				};
			};
			buildConfigurationList = A55B34A926917A2D004BBE9B /* Build configuration list for PBXProject "YourTimeManage" */;
			compatibilityVersion = "Xcode 9.3";
			developmentRegion = en;
			hasScannedForEncodings = 0;
			knownRegions = (
				en,
				Base,
			);
			mainGroup = A55B34A526917A2D004BBE9B;
			productRefGroup = A55B34AF26917A2D004BBE9B /* Products */;
			projectDirPath = "";
			projectRoot = "";
			targets = (
				A55B34AD26917A2D004BBE9B /* YourTimeManage */,
			);
		};
/* End PBXProject section */

/* Begin PBXResourcesBuildPhase section */
		A55B34AC26917A2D004BBE9B /* Resources */ = {
			isa = PBXResourcesBuildPhase;
			buildActionMask = 2147483647;
			files = (
				A55B34BE26917A2E004BBE9B /* LaunchScreen.storyboard in Resources */,
				A55B34E22691A215004BBE9B /* GoogleService-Info.plist in Resources */,
				A55B34BB26917A2E004BBE9B /* Assets.xcassets in Resources */,
			);
			runOnlyForDeploymentPostprocessing = 0;
		};
/* End PBXResourcesBuildPhase section */

/* Begin PBXSourcesBuildPhase section */
		A55B34AA26917A2D004BBE9B /* Sources */ = {
			isa = PBXSourcesBuildPhase;
			buildActionMask = 2147483647;
			files = (
				A5AEC5712694B1F8004DF246 /* DebugViewController.swift in Sources */,
				A5AEC56926949C4B004DF246 /* DebugSection.swift in Sources */,
				A5AEC561269497F9004DF246 /* CollectionViewSectionType.swift in Sources */,
				A5AEC56E2694AFF1004DF246 /* DebugViewModel.swift in Sources */,
				A55B34B226917A2D004BBE9B /* AppDelegate.swift in Sources */,
				A55B34B426917A2D004BBE9B /* SceneDelegate.swift in Sources */,
				A5AEC559269494EF004DF246 /* DebugModel.swift in Sources */,
				A575BD8226989F0700860CDA /* TimerModel.swift in Sources */,
				A55B34DA2691890B004BBE9B /* V200Migrator.swift in Sources */,
				A5677357269AADD300A54875 /* TimerViewController.swift in Sources */,
			);
			runOnlyForDeploymentPostprocessing = 0;
		};
/* End PBXSourcesBuildPhase section */

/* Begin PBXVariantGroup section */
		A55B34BC26917A2E004BBE9B /* LaunchScreen.storyboard */ = {
			isa = PBXVariantGroup;
			children = (
				A55B34BD26917A2E004BBE9B /* Base */,
			);
			name = LaunchScreen.storyboard;
			sourceTree = "<group>";
		};
/* End PBXVariantGroup section */

/* Begin XCBuildConfiguration section */
		A55B34C026917A2E004BBE9B /* Debug */ = {
			isa = XCBuildConfiguration;
			buildSettings = {
				ALWAYS_SEARCH_USER_PATHS = NO;
				CLANG_ANALYZER_NONNULL = YES;
				CLANG_ANALYZER_NUMBER_OBJECT_CONVERSION = YES_AGGRESSIVE;
				CLANG_CXX_LANGUAGE_STANDARD = "gnu++14";
				CLANG_CXX_LIBRARY = "libc++";
				CLANG_ENABLE_MODULES = YES;
				CLANG_ENABLE_OBJC_ARC = YES;
				CLANG_ENABLE_OBJC_WEAK = YES;
				CLANG_WARN_BLOCK_CAPTURE_AUTORELEASING = YES;
				CLANG_WARN_BOOL_CONVERSION = YES;
				CLANG_WARN_COMMA = YES;
				CLANG_WARN_CONSTANT_CONVERSION = YES;
				CLANG_WARN_DEPRECATED_OBJC_IMPLEMENTATIONS = YES;
				CLANG_WARN_DIRECT_OBJC_ISA_USAGE = YES_ERROR;
				CLANG_WARN_DOCUMENTATION_COMMENTS = YES;
				CLANG_WARN_EMPTY_BODY = YES;
				CLANG_WARN_ENUM_CONVERSION = YES;
				CLANG_WARN_INFINITE_RECURSION = YES;
				CLANG_WARN_INT_CONVERSION = YES;
				CLANG_WARN_NON_LITERAL_NULL_CONVERSION = YES;
				CLANG_WARN_OBJC_IMPLICIT_RETAIN_SELF = YES;
				CLANG_WARN_OBJC_LITERAL_CONVERSION = YES;
				CLANG_WARN_OBJC_ROOT_CLASS = YES_ERROR;
				CLANG_WARN_QUOTED_INCLUDE_IN_FRAMEWORK_HEADER = YES;
				CLANG_WARN_RANGE_LOOP_ANALYSIS = YES;
				CLANG_WARN_STRICT_PROTOTYPES = YES;
				CLANG_WARN_SUSPICIOUS_MOVE = YES;
				CLANG_WARN_UNGUARDED_AVAILABILITY = YES_AGGRESSIVE;
				CLANG_WARN_UNREACHABLE_CODE = YES;
				CLANG_WARN__DUPLICATE_METHOD_MATCH = YES;
				COPY_PHASE_STRIP = NO;
				DEBUG_INFORMATION_FORMAT = dwarf;
				ENABLE_STRICT_OBJC_MSGSEND = YES;
				ENABLE_TESTABILITY = YES;
				GCC_C_LANGUAGE_STANDARD = gnu11;
				GCC_DYNAMIC_NO_PIC = NO;
				GCC_NO_COMMON_BLOCKS = YES;
				GCC_OPTIMIZATION_LEVEL = 0;
				GCC_PREPROCESSOR_DEFINITIONS = (
					"DEBUG=1",
					"$(inherited)",
				);
				GCC_WARN_64_TO_32_BIT_CONVERSION = YES;
				GCC_WARN_ABOUT_RETURN_TYPE = YES_ERROR;
				GCC_WARN_UNDECLARED_SELECTOR = YES;
				GCC_WARN_UNINITIALIZED_AUTOS = YES_AGGRESSIVE;
				GCC_WARN_UNUSED_FUNCTION = YES;
				GCC_WARN_UNUSED_VARIABLE = YES;
				IPHONEOS_DEPLOYMENT_TARGET = 13.0;
				MTL_ENABLE_DEBUG_INFO = INCLUDE_SOURCE;
				MTL_FAST_MATH = YES;
				ONLY_ACTIVE_ARCH = YES;
				SDKROOT = iphoneos;
				SWIFT_ACTIVE_COMPILATION_CONDITIONS = DEBUG;
				SWIFT_OPTIMIZATION_LEVEL = "-Onone";
			};
			name = Debug;
		};
		A55B34C126917A2E004BBE9B /* Release */ = {
			isa = XCBuildConfiguration;
			buildSettings = {
				ALWAYS_SEARCH_USER_PATHS = NO;
				CLANG_ANALYZER_NONNULL = YES;
				CLANG_ANALYZER_NUMBER_OBJECT_CONVERSION = YES_AGGRESSIVE;
				CLANG_CXX_LANGUAGE_STANDARD = "gnu++14";
				CLANG_CXX_LIBRARY = "libc++";
				CLANG_ENABLE_MODULES = YES;
				CLANG_ENABLE_OBJC_ARC = YES;
				CLANG_ENABLE_OBJC_WEAK = YES;
				CLANG_WARN_BLOCK_CAPTURE_AUTORELEASING = YES;
				CLANG_WARN_BOOL_CONVERSION = YES;
				CLANG_WARN_COMMA = YES;
				CLANG_WARN_CONSTANT_CONVERSION = YES;
				CLANG_WARN_DEPRECATED_OBJC_IMPLEMENTATIONS = YES;
				CLANG_WARN_DIRECT_OBJC_ISA_USAGE = YES_ERROR;
				CLANG_WARN_DOCUMENTATION_COMMENTS = YES;
				CLANG_WARN_EMPTY_BODY = YES;
				CLANG_WARN_ENUM_CONVERSION = YES;
				CLANG_WARN_INFINITE_RECURSION = YES;
				CLANG_WARN_INT_CONVERSION = YES;
				CLANG_WARN_NON_LITERAL_NULL_CONVERSION = YES;
				CLANG_WARN_OBJC_IMPLICIT_RETAIN_SELF = YES;
				CLANG_WARN_OBJC_LITERAL_CONVERSION = YES;
				CLANG_WARN_OBJC_ROOT_CLASS = YES_ERROR;
				CLANG_WARN_QUOTED_INCLUDE_IN_FRAMEWORK_HEADER = YES;
				CLANG_WARN_RANGE_LOOP_ANALYSIS = YES;
				CLANG_WARN_STRICT_PROTOTYPES = YES;
				CLANG_WARN_SUSPICIOUS_MOVE = YES;
				CLANG_WARN_UNGUARDED_AVAILABILITY = YES_AGGRESSIVE;
				CLANG_WARN_UNREACHABLE_CODE = YES;
				CLANG_WARN__DUPLICATE_METHOD_MATCH = YES;
				COPY_PHASE_STRIP = NO;
				DEBUG_INFORMATION_FORMAT = "dwarf-with-dsym";
				ENABLE_NS_ASSERTIONS = NO;
				ENABLE_STRICT_OBJC_MSGSEND = YES;
				GCC_C_LANGUAGE_STANDARD = gnu11;
				GCC_NO_COMMON_BLOCKS = YES;
				GCC_WARN_64_TO_32_BIT_CONVERSION = YES;
				GCC_WARN_ABOUT_RETURN_TYPE = YES_ERROR;
				GCC_WARN_UNDECLARED_SELECTOR = YES;
				GCC_WARN_UNINITIALIZED_AUTOS = YES_AGGRESSIVE;
				GCC_WARN_UNUSED_FUNCTION = YES;
				GCC_WARN_UNUSED_VARIABLE = YES;
				IPHONEOS_DEPLOYMENT_TARGET = 13.0;
				MTL_ENABLE_DEBUG_INFO = NO;
				MTL_FAST_MATH = YES;
				SDKROOT = iphoneos;
				SWIFT_COMPILATION_MODE = wholemodule;
				SWIFT_OPTIMIZATION_LEVEL = "-O";
				VALIDATE_PRODUCT = YES;
			};
			name = Release;
		};
		A55B34C326917A2E004BBE9B /* Debug */ = {
			isa = XCBuildConfiguration;
			buildSettings = {
				ASSETCATALOG_COMPILER_APPICON_NAME = AppIcon;
				ASSETCATALOG_COMPILER_GLOBAL_ACCENT_COLOR_NAME = AccentColor;
				CODE_SIGN_STYLE = Manual;
				DEVELOPMENT_TEAM = "";
				INFOPLIST_FILE = YourTimeManage/Info.plist;
				IPHONEOS_DEPLOYMENT_TARGET = 13.0;
				LD_RUNPATH_SEARCH_PATHS = (
					"$(inherited)",
					"@executable_path/Frameworks",
				);
				OTHER_LDFLAGS = "-ObjC";
				PRODUCT_BUNDLE_IDENTIFIER = jp.shunyayamada.YourTimeManage;
				PRODUCT_NAME = "$(TARGET_NAME)";
				PROVISIONING_PROFILE_SPECIFIER = "";
				SWIFT_VERSION = 5.0;
				TARGETED_DEVICE_FAMILY = "1,2";
			};
			name = Debug;
		};
		A55B34C426917A2E004BBE9B /* Release */ = {
			isa = XCBuildConfiguration;
			buildSettings = {
				ASSETCATALOG_COMPILER_APPICON_NAME = AppIcon;
				ASSETCATALOG_COMPILER_GLOBAL_ACCENT_COLOR_NAME = AccentColor;
				CODE_SIGN_STYLE = Manual;
				DEVELOPMENT_TEAM = "";
				INFOPLIST_FILE = YourTimeManage/Info.plist;
				IPHONEOS_DEPLOYMENT_TARGET = 13.0;
				LD_RUNPATH_SEARCH_PATHS = (
					"$(inherited)",
					"@executable_path/Frameworks",
				);
				OTHER_LDFLAGS = "-ObjC";
				PRODUCT_BUNDLE_IDENTIFIER = jp.shunyayamada.YourTimeManage;
				PRODUCT_NAME = "$(TARGET_NAME)";
				PROVISIONING_PROFILE_SPECIFIER = "";
				SWIFT_VERSION = 5.0;
				TARGETED_DEVICE_FAMILY = "1,2";
			};
			name = Release;
		};
/* End XCBuildConfiguration section */

/* Begin XCConfigurationList section */
		A55B34A926917A2D004BBE9B /* Build configuration list for PBXProject "YourTimeManage" */ = {
			isa = XCConfigurationList;
			buildConfigurations = (
				A55B34C026917A2E004BBE9B /* Debug */,
				A55B34C126917A2E004BBE9B /* Release */,
			);
			defaultConfigurationIsVisible = 0;
			defaultConfigurationName = Release;
		};
		A55B34C226917A2E004BBE9B /* Build configuration list for PBXNativeTarget "YourTimeManage" */ = {
			isa = XCConfigurationList;
			buildConfigurations = (
				A55B34C326917A2E004BBE9B /* Debug */,
				A55B34C426917A2E004BBE9B /* Release */,
			);
			defaultConfigurationIsVisible = 0;
			defaultConfigurationName = Release;
		};
/* End XCConfigurationList section */

/* Begin XCSwiftPackageProductDependency section */
		A55B34CE26917D27004BBE9B /* Application */ = {
			isa = XCSwiftPackageProductDependency;
			productName = Application;
		};
/* End XCSwiftPackageProductDependency section */
	};
	rootObject = A55B34A626917A2D004BBE9B /* Project object */;
}
